
Microsoft Visual Studio Solution File, Format Version 12.00
# Visual Studio Version 17
VisualStudioVersion = 17.10.35013.160
MinimumVisualStudioVersion = 10.0.40219.1
Project("{FAE04EC0-301F-11D3-BF4B-00C04F79EFBC}") = "SoundSharp", "SoundSharp\SoundSharp.csproj", "{86A6A592-13F5-4BF7-8531-1417621D4EAF}"
EndProject
Global
	GlobalSection(SolutionConfigurationPlatforms) = preSolution
		Debug|Any CPU = Debug|Any CPU
		Release|Any CPU = Release|Any CPU
	EndGlobalSection
	GlobalSection(ProjectConfigurationPlatforms) = postSolution
		{86A6A592-13F5-4BF7-8531-1417621D4EAF}.Debug|Any CPU.ActiveCfg = Debug|Any CPU
		{86A6A592-13F5-4BF7-8531-1417621D4EAF}.Debug|Any CPU.Build.0 = Debug|Any CPU
		{86A6A592-13F5-4BF7-8531-1417621D4EAF}.Release|Any CPU.ActiveCfg = Release|Any CPU
		{86A6A592-13F5-4BF7-8531-1417621D4EAF}.Release|Any CPU.Build.0 = Release|Any CPU
	EndGlobalSection
	GlobalSection(SolutionProperties) = preSolution
		HideSolutionNode = FALSE
	EndGlobalSection
	GlobalSection(ExtensibilityGlobals) = postSolution
		SolutionGuid = {6F07F481-AA2B-45CA-AAF6-B848D8BB61EE}
	EndGlobalSection
EndGlobal
